
Microsoft Visual Studio Solution File, Format Version 12.00
# Visual Studio Version 17
VisualStudioVersion = 17.0.31912.275
MinimumVisualStudioVersion = 10.0.40219.1
Project("{FAE04EC0-301F-11D3-BF4B-00C04F79EFBC}") = "Proje1", "Proje1\Proje1.csproj", "{C6331DA0-0508-49A1-82E6-CE8EE8E000F5}"
EndProject
Global
	GlobalSection(SolutionConfigurationPlatforms) = preSolution
		Debug|Any CPU = Debug|Any CPU
		Release|Any CPU = Release|Any CPU
	EndGlobalSection
	GlobalSection(ProjectConfigurationPlatforms) = postSolution
		{C6331DA0-0508-49A1-82E6-CE8EE8E000F5}.Debug|Any CPU.ActiveCfg = Debug|Any CPU
		{C6331DA0-0508-49A1-82E6-CE8EE8E000F5}.Debug|Any CPU.Build.0 = Debug|Any CPU
		{C6331DA0-0508-49A1-82E6-CE8EE8E000F5}.Release|Any CPU.ActiveCfg = Release|Any CPU
		{C6331DA0-0508-49A1-82E6-CE8EE8E000F5}.Release|Any CPU.Build.0 = Release|Any CPU
	EndGlobalSection
	GlobalSection(SolutionProperties) = preSolution
		HideSolutionNode = FALSE
	EndGlobalSection
	GlobalSection(ExtensibilityGlobals) = postSolution
		SolutionGuid = {754B469D-1D66-42D1-A337-BD954247814B}
	EndGlobalSection
EndGlobal
